
Microsoft Visual Studio Solution File, Format Version 12.00
# Visual Studio Version 17
VisualStudioVersion = 17.7.34031.279
MinimumVisualStudioVersion = 10.0.40219.1
Project("{FAE04EC0-301F-11D3-BF4B-00C04F79EFBC}") = "Restorant.Entites", "Restorant.Entites\Restorant.Entites.csproj", "{98A75ED9-ABC3-4796-BEFF-E49CA2099560}"
EndProject
Project("{FAE04EC0-301F-11D3-BF4B-00C04F79EFBC}") = "Restorant.DataAccess", "Restorant.DataAccess\Restorant.DataAccess.csproj", "{914FDC45-2ED9-447C-B4A5-18484A07BF2C}"
EndProject
Project("{FAE04EC0-301F-11D3-BF4B-00C04F79EFBC}") = "Restorant.Business", "Restorant.Business\Restorant.Business.csproj", "{065193DD-7CCF-4C29-A24E-15347E33D5C2}"
EndProject
Project("{FAE04EC0-301F-11D3-BF4B-00C04F79EFBC}") = "Restorant.WebFormsUI", "Restorant.WebFormsUI\Restorant.WebFormsUI.csproj", "{268E00BA-7539-4B1C-90BC-814A02389BC2}"
EndProject
Global
	GlobalSection(SolutionConfigurationPlatforms) = preSolution
		Debug|Any CPU = Debug|Any CPU
		Release|Any CPU = Release|Any CPU
	EndGlobalSection
	GlobalSection(ProjectConfigurationPlatforms) = postSolution
		{98A75ED9-ABC3-4796-BEFF-E49CA2099560}.Debug|Any CPU.ActiveCfg = Debug|Any CPU
		{98A75ED9-ABC3-4796-BEFF-E49CA2099560}.Debug|Any CPU.Build.0 = Debug|Any CPU
		{98A75ED9-ABC3-4796-BEFF-E49CA2099560}.Release|Any CPU.ActiveCfg = Release|Any CPU
		{98A75ED9-ABC3-4796-BEFF-E49CA2099560}.Release|Any CPU.Build.0 = Release|Any CPU
		{914FDC45-2ED9-447C-B4A5-18484A07BF2C}.Debug|Any CPU.ActiveCfg = Debug|Any CPU
		{914FDC45-2ED9-447C-B4A5-18484A07BF2C}.Debug|Any CPU.Build.0 = Debug|Any CPU
		{914FDC45-2ED9-447C-B4A5-18484A07BF2C}.Release|Any CPU.ActiveCfg = Release|Any CPU
		{914FDC45-2ED9-447C-B4A5-18484A07BF2C}.Release|Any CPU.Build.0 = Release|Any CPU
		{065193DD-7CCF-4C29-A24E-15347E33D5C2}.Debug|Any CPU.ActiveCfg = Debug|Any CPU
		{065193DD-7CCF-4C29-A24E-15347E33D5C2}.Debug|Any CPU.Build.0 = Debug|Any CPU
		{065193DD-7CCF-4C29-A24E-15347E33D5C2}.Release|Any CPU.ActiveCfg = Release|Any CPU
		{065193DD-7CCF-4C29-A24E-15347E33D5C2}.Release|Any CPU.Build.0 = Release|Any CPU
		{268E00BA-7539-4B1C-90BC-814A02389BC2}.Debug|Any CPU.ActiveCfg = Debug|Any CPU
		{268E00BA-7539-4B1C-90BC-814A02389BC2}.Debug|Any CPU.Build.0 = Debug|Any CPU
		{268E00BA-7539-4B1C-90BC-814A02389BC2}.Release|Any CPU.ActiveCfg = Release|Any CPU
		{268E00BA-7539-4B1C-90BC-814A02389BC2}.Release|Any CPU.Build.0 = Release|Any CPU
	EndGlobalSection
	GlobalSection(SolutionProperties) = preSolution
		HideSolutionNode = FALSE
	EndGlobalSection
	GlobalSection(ExtensibilityGlobals) = postSolution
		SolutionGuid = {73EB64D8-7550-40AB-B0C4-2BAD16532992}
	EndGlobalSection
EndGlobal
